
Microsoft Visual Studio Solution File, Format Version 12.00
# Visual Studio 2012
Project("{8BC9CEB8-8B4A-11D0-8D11-00A0C91BC942}") = "Betacool", "Betacool.vcxproj", "{EAC072D1-85DA-43B0-AF8C-66714D0966C6}"
EndProject
Global
	GlobalSection(SolutionConfigurationPlatforms) = preSolution
		Debug|Debug64 = Debug|Debug64
		Debug|Release32 = Debug|Release32
		Release|Debug64 = Release|Debug64
		Release|Release32 = Release|Release32
	EndGlobalSection
	GlobalSection(ProjectConfigurationPlatforms) = postSolution
		{EAC072D1-85DA-43B0-AF8C-66714D0966C6}.Debug|Debug64.ActiveCfg = Debug|Win32
		{EAC072D1-85DA-43B0-AF8C-66714D0966C6}.Debug|Debug64.Build.0 = Debug|Win32
		{EAC072D1-85DA-43B0-AF8C-66714D0966C6}.Debug|Release32.ActiveCfg = Release|x64
		{EAC072D1-85DA-43B0-AF8C-66714D0966C6}.Debug|Release32.Build.0 = Release|x64
		{EAC072D1-85DA-43B0-AF8C-66714D0966C6}.Release|Debug64.ActiveCfg = Release|x64
		{EAC072D1-85DA-43B0-AF8C-66714D0966C6}.Release|Debug64.Build.0 = Release|x64
		{EAC072D1-85DA-43B0-AF8C-66714D0966C6}.Release|Release32.ActiveCfg = Release|Win32
		{EAC072D1-85DA-43B0-AF8C-66714D0966C6}.Release|Release32.Build.0 = Release|Win32
	EndGlobalSection
	GlobalSection(SolutionProperties) = preSolution
		HideSolutionNode = FALSE
	EndGlobalSection
EndGlobal
